// !$*UTF8*$!
{
	archiveVersion = 1;
	classes = {
	};
	objectVersion = 56;
	objects = {

/* Begin PBXBuildFile section */
		0BA6FDA02AE77EB20092833C /* NavigationView_iOS_15App.swift in Sources */ = {isa = PBXBuildFile; fileRef = 0BA6FD9F2AE77EB20092833C /* NavigationView_iOS_15App.swift */; };
		0BA6FDA22AE77EB20092833C /* ContentView.swift in Sources */ = {isa = PBXBuildFile; fileRef = 0BA6FDA12AE77EB20092833C /* ContentView.swift */; };
		0BA6FDA42AE77EB30092833C /* Assets.xcassets in Resources */ = {isa = PBXBuildFile; fileRef = 0BA6FDA32AE77EB30092833C /* Assets.xcassets */; };
		0BA6FDA72AE77EB30092833C /* Preview Assets.xcassets in Resources */ = {isa = PBXBuildFile; fileRef = 0BA6FDA62AE77EB30092833C /* Preview Assets.xcassets */; };
		0BA6FDAF2AE77ED20092833C /* ScreenOne.swift in Sources */ = {isa = PBXBuildFile; fileRef = 0BA6FDAE2AE77ED20092833C /* ScreenOne.swift */; };
		0BA6FDB12AE77EE10092833C /* ScreenTwo.swift in Sources */ = {isa = PBXBuildFile; fileRef = 0BA6FDB02AE77EE10092833C /* ScreenTwo.swift */; };
		0BA6FDB32AE77EED0092833C /* ScreenThree.swift in Sources */ = {isa = PBXBuildFile; fileRef = 0BA6FDB22AE77EED0092833C /* ScreenThree.swift */; };
		0BA6FDB52AE7887D0092833C /* ScreenFour.swift in Sources */ = {isa = PBXBuildFile; fileRef = 0BA6FDB42AE7887D0092833C /* ScreenFour.swift */; };
/* End PBXBuildFile section */

/* Begin PBXFileReference section */
		0BA6FD9C2AE77EB20092833C /* NavigationView iOS 15.app */ = {isa = PBXFileReference; explicitFileType = wrapper.application; includeInIndex = 0; path = "NavigationView iOS 15.app"; sourceTree = BUILT_PRODUCTS_DIR; };
		0BA6FD9F2AE77EB20092833C /* NavigationView_iOS_15App.swift */ = {isa = PBXFileReference; lastKnownFileType = sourcecode.swift; path = NavigationView_iOS_15App.swift; sourceTree = "<group>"; };
		0BA6FDA12AE77EB20092833C /* ContentView.swift */ = {isa = PBXFileReference; lastKnownFileType = sourcecode.swift; path = ContentView.swift; sourceTree = "<group>"; };
		0BA6FDA32AE77EB30092833C /* Assets.xcassets */ = {isa = PBXFileReference; lastKnownFileType = folder.assetcatalog; path = Assets.xcassets; sourceTree = "<group>"; };
		0BA6FDA62AE77EB30092833C /* Preview Assets.xcassets */ = {isa = PBXFileReference; lastKnownFileType = folder.assetcatalog; path = "Preview Assets.xcassets"; sourceTree = "<group>"; };
		0BA6FDAE2AE77ED20092833C /* ScreenOne.swift */ = {isa = PBXFileReference; lastKnownFileType = sourcecode.swift; path = ScreenOne.swift; sourceTree = "<group>"; };
		0BA6FDB02AE77EE10092833C /* ScreenTwo.swift */ = {isa = PBXFileReference; lastKnownFileType = sourcecode.swift; path = ScreenTwo.swift; sourceTree = "<group>"; };
		0BA6FDB22AE77EED0092833C /* ScreenThree.swift */ = {isa = PBXFileReference; lastKnownFileType = sourcecode.swift; path = ScreenThree.swift; sourceTree = "<group>"; };
		0BA6FDB42AE7887D0092833C /* ScreenFour.swift */ = {isa = PBXFileReference; lastKnownFileType = sourcecode.swift; path = ScreenFour.swift; sourceTree = "<group>"; };
/* End PBXFileReference section */

/* Begin PBXFrameworksBuildPhase section */
		0BA6FD992AE77EB20092833C /* Frameworks */ = {
			isa = PBXFrameworksBuildPhase;
			buildActionMask = 2147483647;
			files = (
			);
			runOnlyForDeploymentPostprocessing = 0;
		};
/* End PBXFrameworksBuildPhase section */

/* Begin PBXGroup section */
		0BA6FD932AE77EB20092833C = {
			isa = PBXGroup;
			children = (
				0BA6FD9E2AE77EB20092833C /* NavigationView iOS 15 */,
				0BA6FD9D2AE77EB20092833C /* Products */,
			);
			sourceTree = "<group>";
		};
		0BA6FD9D2AE77EB20092833C /* Products */ = {
			isa = PBXGroup;
			children = (
				0BA6FD9C2AE77EB20092833C /* NavigationView iOS 15.app */,
			);
			name = Products;
			sourceTree = "<group>";
		};
		0BA6FD9E2AE77EB20092833C /* NavigationView iOS 15 */ = {
			isa = PBXGroup;
			children = (
				0BA6FDAD2AE77EBE0092833C /* screens */,
				0BA6FD9F2AE77EB20092833C /* NavigationView_iOS_15App.swift */,
				0BA6FDA12AE77EB20092833C /* ContentView.swift */,
				0BA6FDA32AE77EB30092833C /* Assets.xcassets */,
				0BA6FDA52AE77EB30092833C /* Preview Content */,
			);
			path = "NavigationView iOS 15";
			sourceTree = "<group>";
		};
		0BA6FDA52AE77EB30092833C /* Preview Content */ = {
			isa = PBXGroup;
			children = (
				0BA6FDA62AE77EB30092833C /* Preview Assets.xcassets */,
			);
			path = "Preview Content";
			sourceTree = "<group>";
		};
		0BA6FDAD2AE77EBE0092833C /* screens */ = {
			isa = PBXGroup;
			children = (
				0BA6FDAE2AE77ED20092833C /* ScreenOne.swift */,
				0BA6FDB02AE77EE10092833C /* ScreenTwo.swift */,
				0BA6FDB22AE77EED0092833C /* ScreenThree.swift */,
				0BA6FDB42AE7887D0092833C /* ScreenFour.swift */,
			);
			path = screens;
			sourceTree = "<group>";
		};
/* End PBXGroup section */

/* Begin PBXNativeTarget section */
		0BA6FD9B2AE77EB20092833C /* NavigationView iOS 15 */ = {
			isa = PBXNativeTarget;
			buildConfigurationList = 0BA6FDAA2AE77EB30092833C /* Build configuration list for PBXNativeTarget "NavigationView iOS 15" */;
			buildPhases = (
				0BA6FD982AE77EB20092833C /* Sources */,
				0BA6FD992AE77EB20092833C /* Frameworks */,
				0BA6FD9A2AE77EB20092833C /* Resources */,
			);
			buildRules = (
			);
			dependencies = (
			);
			name = "NavigationView iOS 15";
			productName = "NavigationView iOS 15";
			productReference = 0BA6FD9C2AE77EB20092833C /* NavigationView iOS 15.app */;
			productType = "com.apple.product-type.application";
		};
/* End PBXNativeTarget section */

/* Begin PBXProject section */
		0BA6FD942AE77EB20092833C /* Project object */ = {
			isa = PBXProject;
			attributes = {
				BuildIndependentTargetsInParallel = 1;
				LastSwiftUpdateCheck = 1430;
				LastUpgradeCheck = 1430;
				TargetAttributes = {
					0BA6FD9B2AE77EB20092833C = {
						CreatedOnToolsVersion = 14.3.1;
					};
				};
			};
			buildConfigurationList = 0BA6FD972AE77EB20092833C /* Build configuration list for PBXProject "NavigationView iOS 15" */;
			compatibilityVersion = "Xcode 14.0";
			developmentRegion = en;
			hasScannedForEncodings = 0;
			knownRegions = (
				en,
				Base,
			);
			mainGroup = 0BA6FD932AE77EB20092833C;
			productRefGroup = 0BA6FD9D2AE77EB20092833C /* Products */;
			projectDirPath = "";
			projectRoot = "";
			targets = (
				0BA6FD9B2AE77EB20092833C /* NavigationView iOS 15 */,
			);
		};
/* End PBXProject section */

/* Begin PBXResourcesBuildPhase section */
		0BA6FD9A2AE77EB20092833C /* Resources */ = {
			isa = PBXResourcesBuildPhase;
			buildActionMask = 2147483647;
			files = (
				0BA6FDA72AE77EB30092833C /* Preview Assets.xcassets in Resources */,
				0BA6FDA42AE77EB30092833C /* Assets.xcassets in Resources */,
			);
			runOnlyForDeploymentPostprocessing = 0;
		};
/* End PBXResourcesBuildPhase section */

/* Begin PBXSourcesBuildPhase section */
		0BA6FD982AE77EB20092833C /* Sources */ = {
			isa = PBXSourcesBuildPhase;
			buildActionMask = 2147483647;
			files = (
				0BA6FDB12AE77EE10092833C /* ScreenTwo.swift in Sources */,
				0BA6FDB52AE7887D0092833C /* ScreenFour.swift in Sources */,
				0BA6FDAF2AE77ED20092833C /* ScreenOne.swift in Sources */,
				0BA6FDB32AE77EED0092833C /* ScreenThree.swift in Sources */,
				0BA6FDA22AE77EB20092833C /* ContentView.swift in Sources */,
				0BA6FDA02AE77EB20092833C /* NavigationView_iOS_15App.swift in Sources */,
			);
			runOnlyForDeploymentPostprocessing = 0;
		};
/* End PBXSourcesBuildPhase section */

/* Begin XCBuildConfiguration section */
		0BA6FDA82AE77EB30092833C /* Debug */ = {
			isa = XCBuildConfiguration;
			buildSettings = {
				ALWAYS_SEARCH_USER_PATHS = NO;
				CLANG_ANALYZER_NONNULL = YES;
				CLANG_ANALYZER_NUMBER_OBJECT_CONVERSION = YES_AGGRESSIVE;
				CLANG_CXX_LANGUAGE_STANDARD = "gnu++20";
				CLANG_ENABLE_MODULES = YES;
				CLANG_ENABLE_OBJC_ARC = YES;
				CLANG_ENABLE_OBJC_WEAK = YES;
				CLANG_WARN_BLOCK_CAPTURE_AUTORELEASING = YES;
				CLANG_WARN_BOOL_CONVERSION = YES;
				CLANG_WARN_COMMA = YES;
				CLANG_WARN_CONSTANT_CONVERSION = YES;
				CLANG_WARN_DEPRECATED_OBJC_IMPLEMENTATIONS = YES;
				CLANG_WARN_DIRECT_OBJC_ISA_USAGE = YES_ERROR;
				CLANG_WARN_DOCUMENTATION_COMMENTS = YES;
				CLANG_WARN_EMPTY_BODY = YES;
				CLANG_WARN_ENUM_CONVERSION = YES;
				CLANG_WARN_INFINITE_RECURSION = YES;
				CLANG_WARN_INT_CONVERSION = YES;
				CLANG_WARN_NON_LITERAL_NULL_CONVERSION = YES;
				CLANG_WARN_OBJC_IMPLICIT_RETAIN_SELF = YES;
				CLANG_WARN_OBJC_LITERAL_CONVERSION = YES;
				CLANG_WARN_OBJC_ROOT_CLASS = YES_ERROR;
				CLANG_WARN_QUOTED_INCLUDE_IN_FRAMEWORK_HEADER = YES;
				CLANG_WARN_RANGE_LOOP_ANALYSIS = YES;
				CLANG_WARN_STRICT_PROTOTYPES = YES;
				CLANG_WARN_SUSPICIOUS_MOVE = YES;
				CLANG_WARN_UNGUARDED_AVAILABILITY = YES_AGGRESSIVE;
				CLANG_WARN_UNREACHABLE_CODE = YES;
				CLANG_WARN__DUPLICATE_METHOD_MATCH = YES;
				COPY_PHASE_STRIP = NO;
				DEBUG_INFORMATION_FORMAT = dwarf;
				ENABLE_STRICT_OBJC_MSGSEND = YES;
				ENABLE_TESTABILITY = YES;
				GCC_C_LANGUAGE_STANDARD = gnu11;
				GCC_DYNAMIC_NO_PIC = NO;
				GCC_NO_COMMON_BLOCKS = YES;
				GCC_OPTIMIZATION_LEVEL = 0;
				GCC_PREPROCESSOR_DEFINITIONS = (
					"DEBUG=1",
					"$(inherited)",
				);
				GCC_WARN_64_TO_32_BIT_CONVERSION = YES;
				GCC_WARN_ABOUT_RETURN_TYPE = YES_ERROR;
				GCC_WARN_UNDECLARED_SELECTOR = YES;
				GCC_WARN_UNINITIALIZED_AUTOS = YES_AGGRESSIVE;
				GCC_WARN_UNUSED_FUNCTION = YES;
				GCC_WARN_UNUSED_VARIABLE = YES;
				IPHONEOS_DEPLOYMENT_TARGET = 16.4;
				MTL_ENABLE_DEBUG_INFO = INCLUDE_SOURCE;
				MTL_FAST_MATH = YES;
				ONLY_ACTIVE_ARCH = YES;
				SDKROOT = iphoneos;
				SWIFT_ACTIVE_COMPILATION_CONDITIONS = DEBUG;
				SWIFT_OPTIMIZATION_LEVEL = "-Onone";
			};
			name = Debug;
		};
		0BA6FDA92AE77EB30092833C /* Release */ = {
			isa = XCBuildConfiguration;
			buildSettings = {
				ALWAYS_SEARCH_USER_PATHS = NO;
				CLANG_ANALYZER_NONNULL = YES;
				CLANG_ANALYZER_NUMBER_OBJECT_CONVERSION = YES_AGGRESSIVE;
				CLANG_CXX_LANGUAGE_STANDARD = "gnu++20";
				CLANG_ENABLE_MODULES = YES;
				CLANG_ENABLE_OBJC_ARC = YES;
				CLANG_ENABLE_OBJC_WEAK = YES;
				CLANG_WARN_BLOCK_CAPTURE_AUTORELEASING = YES;
				CLANG_WARN_BOOL_CONVERSION = YES;
				CLANG_WARN_COMMA = YES;
				CLANG_WARN_CONSTANT_CONVERSION = YES;
				CLANG_WARN_DEPRECATED_OBJC_IMPLEMENTATIONS = YES;
				CLANG_WARN_DIRECT_OBJC_ISA_USAGE = YES_ERROR;
				CLANG_WARN_DOCUMENTATION_COMMENTS = YES;
				CLANG_WARN_EMPTY_BODY = YES;
				CLANG_WARN_ENUM_CONVERSION = YES;
				CLANG_WARN_INFINITE_RECURSION = YES;
				CLANG_WARN_INT_CONVERSION = YES;
				CLANG_WARN_NON_LITERAL_NULL_CONVERSION = YES;
				CLANG_WARN_OBJC_IMPLICIT_RETAIN_SELF = YES;
				CLANG_WARN_OBJC_LITERAL_CONVERSION = YES;
				CLANG_WARN_OBJC_ROOT_CLASS = YES_ERROR;
				CLANG_WARN_QUOTED_INCLUDE_IN_FRAMEWORK_HEADER = YES;
				CLANG_WARN_RANGE_LOOP_ANALYSIS = YES;
				CLANG_WARN_STRICT_PROTOTYPES = YES;
				CLANG_WARN_SUSPICIOUS_MOVE = YES;
				CLANG_WARN_UNGUARDED_AVAILABILITY = YES_AGGRESSIVE;
				CLANG_WARN_UNREACHABLE_CODE = YES;
				CLANG_WARN__DUPLICATE_METHOD_MATCH = YES;
				COPY_PHASE_STRIP = NO;
				DEBUG_INFORMATION_FORMAT = "dwarf-with-dsym";
				ENABLE_NS_ASSERTIONS = NO;
				ENABLE_STRICT_OBJC_MSGSEND = YES;
				GCC_C_LANGUAGE_STANDARD = gnu11;
				GCC_NO_COMMON_BLOCKS = YES;
				GCC_WARN_64_TO_32_BIT_CONVERSION = YES;
				GCC_WARN_ABOUT_RETURN_TYPE = YES_ERROR;
				GCC_WARN_UNDECLARED_SELECTOR = YES;
				GCC_WARN_UNINITIALIZED_AUTOS = YES_AGGRESSIVE;
				GCC_WARN_UNUSED_FUNCTION = YES;
				GCC_WARN_UNUSED_VARIABLE = YES;
				IPHONEOS_DEPLOYMENT_TARGET = 16.4;
				MTL_ENABLE_DEBUG_INFO = NO;
				MTL_FAST_MATH = YES;
				SDKROOT = iphoneos;
				SWIFT_COMPILATION_MODE = wholemodule;
				SWIFT_OPTIMIZATION_LEVEL = "-O";
				VALIDATE_PRODUCT = YES;
			};
			name = Release;
		};
		0BA6FDAB2AE77EB30092833C /* Debug */ = {
			isa = XCBuildConfiguration;
			buildSettings = {
				ASSETCATALOG_COMPILER_APPICON_NAME = AppIcon;
				ASSETCATALOG_COMPILER_GLOBAL_ACCENT_COLOR_NAME = AccentColor;
				CODE_SIGN_STYLE = Automatic;
				CURRENT_PROJECT_VERSION = 1;
				DEVELOPMENT_ASSET_PATHS = "\"NavigationView iOS 15/Preview Content\"";
				DEVELOPMENT_TEAM = 8PCBC9GBAN;
				ENABLE_PREVIEWS = YES;
				GENERATE_INFOPLIST_FILE = YES;
				INFOPLIST_KEY_UIApplicationSceneManifest_Generation = YES;
				INFOPLIST_KEY_UIApplicationSupportsIndirectInputEvents = YES;
				INFOPLIST_KEY_UILaunchScreen_Generation = YES;
				INFOPLIST_KEY_UISupportedInterfaceOrientations_iPad = "UIInterfaceOrientationPortrait UIInterfaceOrientationPortraitUpsideDown UIInterfaceOrientationLandscapeLeft UIInterfaceOrientationLandscapeRight";
				INFOPLIST_KEY_UISupportedInterfaceOrientations_iPhone = "UIInterfaceOrientationPortrait UIInterfaceOrientationLandscapeLeft UIInterfaceOrientationLandscapeRight";
				IPHONEOS_DEPLOYMENT_TARGET = 15.0;
				LD_RUNPATH_SEARCH_PATHS = (
					"$(inherited)",
					"@executable_path/Frameworks",
				);
				MARKETING_VERSION = 1.0;
				PRODUCT_BUNDLE_IDENTIFIER = "bd.com.media365.rhfw.NavigationView-iOS-15";
				PRODUCT_NAME = "$(TARGET_NAME)";
				SWIFT_EMIT_LOC_STRINGS = YES;
				SWIFT_VERSION = 5.0;
				TARGETED_DEVICE_FAMILY = "1,2";
			};
			name = Debug;
		};
		0BA6FDAC2AE77EB30092833C /* Release */ = {
			isa = XCBuildConfiguration;
			buildSettings = {
				ASSETCATALOG_COMPILER_APPICON_NAME = AppIcon;
				ASSETCATALOG_COMPILER_GLOBAL_ACCENT_COLOR_NAME = AccentColor;
				CODE_SIGN_STYLE = Automatic;
				CURRENT_PROJECT_VERSION = 1;
				DEVELOPMENT_ASSET_PATHS = "\"NavigationView iOS 15/Preview Content\"";
				DEVELOPMENT_TEAM = 8PCBC9GBAN;
				ENABLE_PREVIEWS = YES;
				GENERATE_INFOPLIST_FILE = YES;
				INFOPLIST_KEY_UIApplicationSceneManifest_Generation = YES;
				INFOPLIST_KEY_UIApplicationSupportsIndirectInputEvents = YES;
				INFOPLIST_KEY_UILaunchScreen_Generation = YES;
				INFOPLIST_KEY_UISupportedInterfaceOrientations_iPad = "UIInterfaceOrientationPortrait UIInterfaceOrientationPortraitUpsideDown UIInterfaceOrientationLandscapeLeft UIInterfaceOrientationLandscapeRight";
				INFOPLIST_KEY_UISupportedInterfaceOrientations_iPhone = "UIInterfaceOrientationPortrait UIInterfaceOrientationLandscapeLeft UIInterfaceOrientationLandscapeRight";
				IPHONEOS_DEPLOYMENT_TARGET = 15.0;
				LD_RUNPATH_SEARCH_PATHS = (
					"$(inherited)",
					"@executable_path/Frameworks",
				);
				MARKETING_VERSION = 1.0;
				PRODUCT_BUNDLE_IDENTIFIER = "bd.com.media365.rhfw.NavigationView-iOS-15";
				PRODUCT_NAME = "$(TARGET_NAME)";
				SWIFT_EMIT_LOC_STRINGS = YES;
				SWIFT_VERSION = 5.0;
				TARGETED_DEVICE_FAMILY = "1,2";
			};
			name = Release;
		};
/* End XCBuildConfiguration section */

/* Begin XCConfigurationList section */
		0BA6FD972AE77EB20092833C /* Build configuration list for PBXProject "NavigationView iOS 15" */ = {
			isa = XCConfigurationList;
			buildConfigurations = (
				0BA6FDA82AE77EB30092833C /* Debug */,
				0BA6FDA92AE77EB30092833C /* Release */,
			);
			defaultConfigurationIsVisible = 0;
			defaultConfigurationName = Release;
		};
		0BA6FDAA2AE77EB30092833C /* Build configuration list for PBXNativeTarget "NavigationView iOS 15" */ = {
			isa = XCConfigurationList;
			buildConfigurations = (
				0BA6FDAB2AE77EB30092833C /* Debug */,
				0BA6FDAC2AE77EB30092833C /* Release */,
			);
			defaultConfigurationIsVisible = 0;
			defaultConfigurationName = Release;
		};
/* End XCConfigurationList section */
	};
	rootObject = 0BA6FD942AE77EB20092833C /* Project object */;
}
